// !$*UTF8*$!
{
	archiveVersion = 1;
	classes = {
	};
	objectVersion = 46;
	objects = {

/* Begin PBXBuildFile section */
		1FC55EC81CF7A01300AF4045 /* AppDelegate.swift in Sources */ = {isa = PBXBuildFile; fileRef = 1FC55EC71CF7A01300AF4045 /* AppDelegate.swift */; };
		1FC55ECA1CF7A01300AF4045 /* ViewController.swift in Sources */ = {isa = PBXBuildFile; fileRef = 1FC55EC91CF7A01300AF4045 /* ViewController.swift */; };
		1FC55ECD1CF7A01300AF4045 /* Main.storyboard in Resources */ = {isa = PBXBuildFile; fileRef = 1FC55ECB1CF7A01300AF4045 /* Main.storyboard */; };
		1FC55ED01CF7A01300AF4045 /* pokedex.xcdatamodeld in Sources */ = {isa = PBXBuildFile; fileRef = 1FC55ECE1CF7A01300AF4045 /* pokedex.xcdatamodeld */; };
		1FC55ED21CF7A01300AF4045 /* Assets.xcassets in Resources */ = {isa = PBXBuildFile; fileRef = 1FC55ED11CF7A01300AF4045 /* Assets.xcassets */; };
		1FC55ED51CF7A01300AF4045 /* LaunchScreen.storyboard in Resources */ = {isa = PBXBuildFile; fileRef = 1FC55ED31CF7A01300AF4045 /* LaunchScreen.storyboard */; };
/* End PBXBuildFile section */

/* Begin PBXFileReference section */
		1FC55EC41CF7A01300AF4045 /* pokedex.app */ = {isa = PBXFileReference; explicitFileType = wrapper.application; includeInIndex = 0; path = pokedex.app; sourceTree = BUILT_PRODUCTS_DIR; };
		1FC55EC71CF7A01300AF4045 /* AppDelegate.swift */ = {isa = PBXFileReference; lastKnownFileType = sourcecode.swift; path = AppDelegate.swift; sourceTree = "<group>"; };
		1FC55EC91CF7A01300AF4045 /* ViewController.swift */ = {isa = PBXFileReference; lastKnownFileType = sourcecode.swift; path = ViewController.swift; sourceTree = "<group>"; };
		1FC55ECC1CF7A01300AF4045 /* Base */ = {isa = PBXFileReference; lastKnownFileType = file.storyboard; name = Base; path = Base.lproj/Main.storyboard; sourceTree = "<group>"; };
		1FC55ECF1CF7A01300AF4045 /* pokedex.xcdatamodel */ = {isa = PBXFileReference; lastKnownFileType = wrapper.xcdatamodel; path = pokedex.xcdatamodel; sourceTree = "<group>"; };
		1FC55ED11CF7A01300AF4045 /* Assets.xcassets */ = {isa = PBXFileReference; lastKnownFileType = folder.assetcatalog; path = Assets.xcassets; sourceTree = "<group>"; };
		1FC55ED41CF7A01300AF4045 /* Base */ = {isa = PBXFileReference; lastKnownFileType = file.storyboard; name = Base; path = Base.lproj/LaunchScreen.storyboard; sourceTree = "<group>"; };
		1FC55ED61CF7A01300AF4045 /* Info.plist */ = {isa = PBXFileReference; lastKnownFileType = text.plist.xml; path = Info.plist; sourceTree = "<group>"; };
/* End PBXFileReference section */

/* Begin PBXFrameworksBuildPhase section */
		1FC55EC11CF7A01300AF4045 /* Frameworks */ = {
			isa = PBXFrameworksBuildPhase;
			buildActionMask = 2147483647;
			files = (
			);
			runOnlyForDeploymentPostprocessing = 0;
		};
/* End PBXFrameworksBuildPhase section */

/* Begin PBXGroup section */
		1FC55EBB1CF7A01300AF4045 = {
			isa = PBXGroup;
			children = (
				1FC55EC61CF7A01300AF4045 /* pokedex */,
				1FC55EC51CF7A01300AF4045 /* Products */,
			);
			sourceTree = "<group>";
		};
		1FC55EC51CF7A01300AF4045 /* Products */ = {
			isa = PBXGroup;
			children = (
				1FC55EC41CF7A01300AF4045 /* pokedex.app */,
			);
			name = Products;
			sourceTree = "<group>";
		};
		1FC55EC61CF7A01300AF4045 /* pokedex */ = {
			isa = PBXGroup;
			children = (
				1FC55EC71CF7A01300AF4045 /* AppDelegate.swift */,
				1FC55EC91CF7A01300AF4045 /* ViewController.swift */,
				1FC55ECB1CF7A01300AF4045 /* Main.storyboard */,
				1FC55ED11CF7A01300AF4045 /* Assets.xcassets */,
				1FC55ED31CF7A01300AF4045 /* LaunchScreen.storyboard */,
				1FC55ED61CF7A01300AF4045 /* Info.plist */,
				1FC55ECE1CF7A01300AF4045 /* pokedex.xcdatamodeld */,
			);
			path = pokedex;
			sourceTree = "<group>";
		};
/* End PBXGroup section */

/* Begin PBXNativeTarget section */
		1FC55EC31CF7A01300AF4045 /* pokedex */ = {
			isa = PBXNativeTarget;
			buildConfigurationList = 1FC55ED91CF7A01300AF4045 /* Build configuration list for PBXNativeTarget "pokedex" */;
			buildPhases = (
				1FC55EC01CF7A01300AF4045 /* Sources */,
				1FC55EC11CF7A01300AF4045 /* Frameworks */,
				1FC55EC21CF7A01300AF4045 /* Resources */,
			);
			buildRules = (
			);
			dependencies = (
			);
			name = pokedex;
			productName = pokedex;
			productReference = 1FC55EC41CF7A01300AF4045 /* pokedex.app */;
			productType = "com.apple.product-type.application";
		};
/* End PBXNativeTarget section */

/* Begin PBXProject section */
		1FC55EBC1CF7A01300AF4045 /* Project object */ = {
			isa = PBXProject;
			attributes = {
				LastSwiftUpdateCheck = 0730;
				LastUpgradeCheck = 0730;
				ORGANIZATIONNAME = devPro;
				TargetAttributes = {
					1FC55EC31CF7A01300AF4045 = {
						CreatedOnToolsVersion = 7.3.1;
						DevelopmentTeam = T5X6AQ5A7M;
					};
				};
			};
			buildConfigurationList = 1FC55EBF1CF7A01300AF4045 /* Build configuration list for PBXProject "pokedex" */;
			compatibilityVersion = "Xcode 3.2";
			developmentRegion = English;
			hasScannedForEncodings = 0;
			knownRegions = (
				en,
				Base,
			);
			mainGroup = 1FC55EBB1CF7A01300AF4045;
			productRefGroup = 1FC55EC51CF7A01300AF4045 /* Products */;
			projectDirPath = "";
			projectRoot = "";
			targets = (
				1FC55EC31CF7A01300AF4045 /* pokedex */,
			);
		};
/* End PBXProject section */

/* Begin PBXResourcesBuildPhase section */
		1FC55EC21CF7A01300AF4045 /* Resources */ = {
			isa = PBXResourcesBuildPhase;
			buildActionMask = 2147483647;
			files = (
				1FC55ED51CF7A01300AF4045 /* LaunchScreen.storyboard in Resources */,
				1FC55ED21CF7A01300AF4045 /* Assets.xcassets in Resources */,
				1FC55ECD1CF7A01300AF4045 /* Main.storyboard in Resources */,
			);
			runOnlyForDeploymentPostprocessing = 0;
		};
/* End PBXResourcesBuildPhase section */

/* Begin PBXSourcesBuildPhase section */
		1FC55EC01CF7A01300AF4045 /* Sources */ = {
			isa = PBXSourcesBuildPhase;
			buildActionMask = 2147483647;
			files = (
				1FC55ED01CF7A01300AF4045 /* pokedex.xcdatamodeld in Sources */,
				1FC55ECA1CF7A01300AF4045 /* ViewController.swift in Sources */,
				1FC55EC81CF7A01300AF4045 /* AppDelegate.swift in Sources */,
			);
			runOnlyForDeploymentPostprocessing = 0;
		};
/* End PBXSourcesBuildPhase section */

/* Begin PBXVariantGroup section */
		1FC55ECB1CF7A01300AF4045 /* Main.storyboard */ = {
			isa = PBXVariantGroup;
			children = (
				1FC55ECC1CF7A01300AF4045 /* Base */,
			);
			name = Main.storyboard;
			sourceTree = "<group>";
		};
		1FC55ED31CF7A01300AF4045 /* LaunchScreen.storyboard */ = {
			isa = PBXVariantGroup;
			children = (
				1FC55ED41CF7A01300AF4045 /* Base */,
			);
			name = LaunchScreen.storyboard;
			sourceTree = "<group>";
		};
/* End PBXVariantGroup section */

/* Begin XCBuildConfiguration section */
		1FC55ED71CF7A01300AF4045 /* Debug */ = {
			isa = XCBuildConfiguration;
			buildSettings = {
				ALWAYS_SEARCH_USER_PATHS = NO;
				CLANG_ANALYZER_NONNULL = YES;
				CLANG_CXX_LANGUAGE_STANDARD = "gnu++0x";
				CLANG_CXX_LIBRARY = "libc++";
				CLANG_ENABLE_MODULES = YES;
				CLANG_ENABLE_OBJC_ARC = YES;
				CLANG_WARN_BOOL_CONVERSION = YES;
				CLANG_WARN_CONSTANT_CONVERSION = YES;
				CLANG_WARN_DIRECT_OBJC_ISA_USAGE = YES_ERROR;
				CLANG_WARN_EMPTY_BODY = YES;
				CLANG_WARN_ENUM_CONVERSION = YES;
				CLANG_WARN_INT_CONVERSION = YES;
				CLANG_WARN_OBJC_ROOT_CLASS = YES_ERROR;
				CLANG_WARN_UNREACHABLE_CODE = YES;
				CLANG_WARN__DUPLICATE_METHOD_MATCH = YES;
				"CODE_SIGN_IDENTITY[sdk=iphoneos*]" = "iPhone Developer";
				COPY_PHASE_STRIP = NO;
				DEBUG_INFORMATION_FORMAT = dwarf;
				ENABLE_STRICT_OBJC_MSGSEND = YES;
				ENABLE_TESTABILITY = YES;
				GCC_C_LANGUAGE_STANDARD = gnu99;
				GCC_DYNAMIC_NO_PIC = NO;
				GCC_NO_COMMON_BLOCKS = YES;
				GCC_OPTIMIZATION_LEVEL = 0;
				GCC_PREPROCESSOR_DEFINITIONS = (
					"DEBUG=1",
					"$(inherited)",
				);
				GCC_WARN_64_TO_32_BIT_CONVERSION = YES;
				GCC_WARN_ABOUT_RETURN_TYPE = YES_ERROR;
				GCC_WARN_UNDECLARED_SELECTOR = YES;
				GCC_WARN_UNINITIALIZED_AUTOS = YES_AGGRESSIVE;
				GCC_WARN_UNUSED_FUNCTION = YES;
				GCC_WARN_UNUSED_VARIABLE = YES;
				IPHONEOS_DEPLOYMENT_TARGET = 9.3;
				MTL_ENABLE_DEBUG_INFO = YES;
				ONLY_ACTIVE_ARCH = YES;
				SDKROOT = iphoneos;
				SWIFT_OPTIMIZATION_LEVEL = "-Onone";
				TARGETED_DEVICE_FAMILY = "1,2";
			};
			name = Debug;
		};
		1FC55ED81CF7A01300AF4045 /* Release */ = {
			isa = XCBuildConfiguration;
			buildSettings = {
				ALWAYS_SEARCH_USER_PATHS = NO;
				CLANG_ANALYZER_NONNULL = YES;
				CLANG_CXX_LANGUAGE_STANDARD = "gnu++0x";
				CLANG_CXX_LIBRARY = "libc++";
				CLANG_ENABLE_MODULES = YES;
				CLANG_ENABLE_OBJC_ARC = YES;
				CLANG_WARN_BOOL_CONVERSION = YES;
				CLANG_WARN_CONSTANT_CONVERSION = YES;
				CLANG_WARN_DIRECT_OBJC_ISA_USAGE = YES_ERROR;
				CLANG_WARN_EMPTY_BODY = YES;
				CLANG_WARN_ENUM_CONVERSION = YES;
				CLANG_WARN_INT_CONVERSION = YES;
				CLANG_WARN_OBJC_ROOT_CLASS = YES_ERROR;
				CLANG_WARN_UNREACHABLE_CODE = YES;
				CLANG_WARN__DUPLICATE_METHOD_MATCH = YES;
				"CODE_SIGN_IDENTITY[sdk=iphoneos*]" = "iPhone Developer";
				COPY_PHASE_STRIP = NO;
				DEBUG_INFORMATION_FORMAT = "dwarf-with-dsym";
				ENABLE_NS_ASSERTIONS = NO;
				ENABLE_STRICT_OBJC_MSGSEND = YES;
				GCC_C_LANGUAGE_STANDARD = gnu99;
				GCC_NO_COMMON_BLOCKS = YES;
				GCC_WARN_64_TO_32_BIT_CONVERSION = YES;
				GCC_WARN_ABOUT_RETURN_TYPE = YES_ERROR;
				GCC_WARN_UNDECLARED_SELECTOR = YES;
				GCC_WARN_UNINITIALIZED_AUTOS = YES_AGGRESSIVE;
				GCC_WARN_UNUSED_FUNCTION = YES;
				GCC_WARN_UNUSED_VARIABLE = YES;
				IPHONEOS_DEPLOYMENT_TARGET = 9.3;
				MTL_ENABLE_DEBUG_INFO = NO;
				SDKROOT = iphoneos;
				TARGETED_DEVICE_FAMILY = "1,2";
				VALIDATE_PRODUCT = YES;
			};
			name = Release;
		};
		1FC55EDA1CF7A01300AF4045 /* Debug */ = {
			isa = XCBuildConfiguration;
			buildSettings = {
				ASSETCATALOG_COMPILER_APPICON_NAME = AppIcon;
				INFOPLIST_FILE = pokedex/Info.plist;
				LD_RUNPATH_SEARCH_PATHS = "$(inherited) @executable_path/Frameworks";
				PRODUCT_BUNDLE_IDENTIFIER = com.devPro.pokedex;
				PRODUCT_NAME = "$(TARGET_NAME)";
			};
			name = Debug;
		};
		1FC55EDB1CF7A01300AF4045 /* Release */ = {
			isa = XCBuildConfiguration;
			buildSettings = {
				ASSETCATALOG_COMPILER_APPICON_NAME = AppIcon;
				INFOPLIST_FILE = pokedex/Info.plist;
				LD_RUNPATH_SEARCH_PATHS = "$(inherited) @executable_path/Frameworks";
				PRODUCT_BUNDLE_IDENTIFIER = com.devPro.pokedex;
				PRODUCT_NAME = "$(TARGET_NAME)";
			};
			name = Release;
		};
/* End XCBuildConfiguration section */

/* Begin XCConfigurationList section */
		1FC55EBF1CF7A01300AF4045 /* Build configuration list for PBXProject "pokedex" */ = {
			isa = XCConfigurationList;
			buildConfigurations = (
				1FC55ED71CF7A01300AF4045 /* Debug */,
				1FC55ED81CF7A01300AF4045 /* Release */,
			);
			defaultConfigurationIsVisible = 0;
			defaultConfigurationName = Release;
		};
		1FC55ED91CF7A01300AF4045 /* Build configuration list for PBXNativeTarget "pokedex" */ = {
			isa = XCConfigurationList;
			buildConfigurations = (
				1FC55EDA1CF7A01300AF4045 /* Debug */,
				1FC55EDB1CF7A01300AF4045 /* Release */,
			);
			defaultConfigurationIsVisible = 0;
		};
/* End XCConfigurationList section */

/* Begin XCVersionGroup section */
		1FC55ECE1CF7A01300AF4045 /* pokedex.xcdatamodeld */ = {
			isa = XCVersionGroup;
			children = (
				1FC55ECF1CF7A01300AF4045 /* pokedex.xcdatamodel */,
			);
			currentVersion = 1FC55ECF1CF7A01300AF4045 /* pokedex.xcdatamodel */;
			path = pokedex.xcdatamodeld;
			sourceTree = "<group>";
			versionGroupType = wrapper.xcdatamodel;
		};
/* End XCVersionGroup section */
	};
	rootObject = 1FC55EBC1CF7A01300AF4045 /* Project object */;
}
